
Microsoft Visual Studio Solution File, Format Version 12.00
# Visual Studio Version 16
VisualStudioVersion = 16.0.31205.134
MinimumVisualStudioVersion = 10.0.40219.1
Project("{9A19103F-16F7-4668-BE54-9A1E7A4F7556}") = "psu_oracle_backEnd", "psu_oracle_backEnd.csproj", "{988912A3-8BB8-42D5-872F-BE169E0D675C}"
EndProject
Global
	GlobalSection(SolutionConfigurationPlatforms) = preSolution
		Debug|Any CPU = Debug|Any CPU
		Release|Any CPU = Release|Any CPU
	EndGlobalSection
	GlobalSection(ProjectConfigurationPlatforms) = postSolution
		{988912A3-8BB8-42D5-872F-BE169E0D675C}.Debug|Any CPU.ActiveCfg = Debug|Any CPU
		{988912A3-8BB8-42D5-872F-BE169E0D675C}.Debug|Any CPU.Build.0 = Debug|Any CPU
		{988912A3-8BB8-42D5-872F-BE169E0D675C}.Release|Any CPU.ActiveCfg = Release|Any CPU
		{988912A3-8BB8-42D5-872F-BE169E0D675C}.Release|Any CPU.Build.0 = Release|Any CPU
	EndGlobalSection
	GlobalSection(SolutionProperties) = preSolution
		HideSolutionNode = FALSE
	EndGlobalSection
	GlobalSection(ExtensibilityGlobals) = postSolution
		SolutionGuid = {1404AC34-84D6-4700-97BB-81BDC94138F6}
	EndGlobalSection
EndGlobal
